
Microsoft Visual Studio Solution File, Format Version 12.00
# Visual Studio Version 17
VisualStudioVersion = 17.5.33516.290
MinimumVisualStudioVersion = 10.0.40219.1
Project("{9A19103F-16F7-4668-BE54-9A1E7A4F7556}") = "WebApiStock", "WebApiStock\WebApiStock.csproj", "{8859E78C-9087-4E29-BD6E-2996F8BCCBB7}"
EndProject
Project("{9A19103F-16F7-4668-BE54-9A1E7A4F7556}") = "WebStockFront", "..\WebApplication2\WebApplication2\WebStockFront.csproj", "{57159336-3737-4636-BBD1-9D99C492C85D}"
EndProject
Project("{9A19103F-16F7-4668-BE54-9A1E7A4F7556}") = "CodigoComun", "..\..\..\Downloads\WinFormsAppStock\WinFormsAppStock\CodigoComun\CodigoComun.csproj", "{45EAD679-58C1-4CC7-848B-C837307EBBCF}"
EndProject
Global
	GlobalSection(SolutionConfigurationPlatforms) = preSolution
		Debug|Any CPU = Debug|Any CPU
		Release|Any CPU = Release|Any CPU
	EndGlobalSection
	GlobalSection(ProjectConfigurationPlatforms) = postSolution
		{8859E78C-9087-4E29-BD6E-2996F8BCCBB7}.Debug|Any CPU.ActiveCfg = Debug|Any CPU
		{8859E78C-9087-4E29-BD6E-2996F8BCCBB7}.Debug|Any CPU.Build.0 = Debug|Any CPU
		{8859E78C-9087-4E29-BD6E-2996F8BCCBB7}.Release|Any CPU.ActiveCfg = Release|Any CPU
		{8859E78C-9087-4E29-BD6E-2996F8BCCBB7}.Release|Any CPU.Build.0 = Release|Any CPU
		{57159336-3737-4636-BBD1-9D99C492C85D}.Debug|Any CPU.ActiveCfg = Debug|Any CPU
		{57159336-3737-4636-BBD1-9D99C492C85D}.Debug|Any CPU.Build.0 = Debug|Any CPU
		{57159336-3737-4636-BBD1-9D99C492C85D}.Release|Any CPU.ActiveCfg = Release|Any CPU
		{57159336-3737-4636-BBD1-9D99C492C85D}.Release|Any CPU.Build.0 = Release|Any CPU
		{45EAD679-58C1-4CC7-848B-C837307EBBCF}.Debug|Any CPU.ActiveCfg = Debug|Any CPU
		{45EAD679-58C1-4CC7-848B-C837307EBBCF}.Debug|Any CPU.Build.0 = Debug|Any CPU
		{45EAD679-58C1-4CC7-848B-C837307EBBCF}.Release|Any CPU.ActiveCfg = Release|Any CPU
		{45EAD679-58C1-4CC7-848B-C837307EBBCF}.Release|Any CPU.Build.0 = Release|Any CPU
	EndGlobalSection
	GlobalSection(SolutionProperties) = preSolution
		HideSolutionNode = FALSE
	EndGlobalSection
	GlobalSection(ExtensibilityGlobals) = postSolution
		SolutionGuid = {3F24A2F5-0475-4A2A-90E8-B3306B760D26}
	EndGlobalSection
EndGlobal
